
Microsoft Visual Studio Solution File, Format Version 12.00
# Visual Studio Version 17
VisualStudioVersion = 17.5.33424.131
MinimumVisualStudioVersion = 10.0.40219.1
Project("{2150E333-8FDC-42A3-9474-1A3956D46DE8}") = "Presentation", "Presentation", "{79DF46C7-2AF7-43C7-A448-345E96D0DED4}"
EndProject
Project("{2150E333-8FDC-42A3-9474-1A3956D46DE8}") = "Modules", "Modules", "{94F6E318-2B3B-4EF9-8E27-7027DE0F5E06}"
EndProject
Project("{2150E333-8FDC-42A3-9474-1A3956D46DE8}") = "Weather", "Weather", "{AD6C3147-CED1-48C1-A02B-7E94B31E61BF}"
EndProject
Project("{2150E333-8FDC-42A3-9474-1A3956D46DE8}") = "Core", "Core", "{E40C836C-5B52-4D50-82DF-FC126B3CBBEB}"
EndProject
Project("{9A19103F-16F7-4668-BE54-9A1E7A4F7556}") = "Core.DAL", "Core\Core.DAL\Core.DAL.csproj", "{6ABFD05C-7D2D-479C-9D05-C27275F05895}"
EndProject
Project("{9A19103F-16F7-4668-BE54-9A1E7A4F7556}") = "Core.Infrastructure", "Core\Core.Infrastructure\Core.Infrastructure.csproj", "{B034F8D1-EFFA-43EC-92DC-FD1DBA4386B0}"
EndProject
Project("{9A19103F-16F7-4668-BE54-9A1E7A4F7556}") = "Weather.BLL", "Modules\Weather\Weather.BLL\Weather.BLL.csproj", "{52DAE338-1420-4660-A20C-54C10943AC04}"
EndProject
Project("{9A19103F-16F7-4668-BE54-9A1E7A4F7556}") = "Weather.Infrastructure", "Modules\Weather\Weather.Infrastructure\Weather.Infrastructure.csproj", "{C8453583-DC92-44B8-817D-38B868440495}"
EndProject
Project("{9A19103F-16F7-4668-BE54-9A1E7A4F7556}") = "Weather.DAL", "Modules\Weather\Weather.DAL\Weather.DAL.csproj", "{572235FB-7EE1-43C5-BDA9-42F166F8B711}"
EndProject
Project("{2150E333-8FDC-42A3-9474-1A3956D46DE8}") = "ISun", "ISun", "{6F3223AE-6412-4BB5-8A67-F9E34B418AA4}"
EndProject
Project("{9A19103F-16F7-4668-BE54-9A1E7A4F7556}") = "Weather.ISun.BLL", "Modules\Weather\ISun\Weather.ISun.BLL\Weather.ISun.BLL.csproj", "{4608577B-3D76-42B0-9884-E5DA002F7ED0}"
EndProject
Project("{9A19103F-16F7-4668-BE54-9A1E7A4F7556}") = "isun", "Presentation\ISun\isun.csproj", "{5F1A32B6-DFE9-46EC-84BE-C382467D256E}"
EndProject
Project("{9A19103F-16F7-4668-BE54-9A1E7A4F7556}") = "Core.BLL", "Core\Core.BLL\Core.BLL.csproj", "{F065FF08-E9AB-4142-9314-4098585D9381}"
EndProject
Project("{2150E333-8FDC-42A3-9474-1A3956D46DE8}") = "Database", "Database", "{AEAAC08F-2B5D-4FFF-B071-2984FA7E8228}"
EndProject
Project("{9A19103F-16F7-4668-BE54-9A1E7A4F7556}") = "ISunDatabase", "Database\ISunDatabase\ISunDatabase.csproj", "{021B8DAC-68A3-40EC-8693-255A2204A38C}"
EndProject
Project("{FAE04EC0-301F-11D3-BF4B-00C04F79EFBC}") = "Core.Logging", "Core\Core.Logging\Core.Logging.csproj", "{69C8B735-0835-4696-9A26-1638AEAC8F2B}"
EndProject
Project("{FAE04EC0-301F-11D3-BF4B-00C04F79EFBC}") = "isunTests", "Presentation\isunTests\isunTests.csproj", "{D7017CA6-F692-442E-9A64-22A23B369305}"
EndProject
Project("{FAE04EC0-301F-11D3-BF4B-00C04F79EFBC}") = "Weather.ISun.BLL.Tests", "Modules\Weather\ISun\Weather.ISun.BLL.Tests\Weather.ISun.BLL.Tests.csproj", "{FB5DD826-A72B-4026-99E4-B7DA3BFDB83E}"
EndProject
Project("{FAE04EC0-301F-11D3-BF4B-00C04F79EFBC}") = "Weather.BLL.Tests", "Modules\Weather\Weather.BLL.Tests\Weather.BLL.Tests.csproj", "{EBEA704B-C0AC-4650-B576-5EE4530ADCAD}"
EndProject
Global
	GlobalSection(SolutionConfigurationPlatforms) = preSolution
		Debug|Any CPU = Debug|Any CPU
		Release|Any CPU = Release|Any CPU
	EndGlobalSection
	GlobalSection(ProjectConfigurationPlatforms) = postSolution
		{6ABFD05C-7D2D-479C-9D05-C27275F05895}.Debug|Any CPU.ActiveCfg = Debug|Any CPU
		{6ABFD05C-7D2D-479C-9D05-C27275F05895}.Debug|Any CPU.Build.0 = Debug|Any CPU
		{6ABFD05C-7D2D-479C-9D05-C27275F05895}.Release|Any CPU.ActiveCfg = Release|Any CPU
		{6ABFD05C-7D2D-479C-9D05-C27275F05895}.Release|Any CPU.Build.0 = Release|Any CPU
		{B034F8D1-EFFA-43EC-92DC-FD1DBA4386B0}.Debug|Any CPU.ActiveCfg = Debug|Any CPU
		{B034F8D1-EFFA-43EC-92DC-FD1DBA4386B0}.Debug|Any CPU.Build.0 = Debug|Any CPU
		{B034F8D1-EFFA-43EC-92DC-FD1DBA4386B0}.Release|Any CPU.ActiveCfg = Release|Any CPU
		{B034F8D1-EFFA-43EC-92DC-FD1DBA4386B0}.Release|Any CPU.Build.0 = Release|Any CPU
		{52DAE338-1420-4660-A20C-54C10943AC04}.Debug|Any CPU.ActiveCfg = Debug|Any CPU
		{52DAE338-1420-4660-A20C-54C10943AC04}.Debug|Any CPU.Build.0 = Debug|Any CPU
		{52DAE338-1420-4660-A20C-54C10943AC04}.Release|Any CPU.ActiveCfg = Release|Any CPU
		{52DAE338-1420-4660-A20C-54C10943AC04}.Release|Any CPU.Build.0 = Release|Any CPU
		{C8453583-DC92-44B8-817D-38B868440495}.Debug|Any CPU.ActiveCfg = Debug|Any CPU
		{C8453583-DC92-44B8-817D-38B868440495}.Debug|Any CPU.Build.0 = Debug|Any CPU
		{C8453583-DC92-44B8-817D-38B868440495}.Release|Any CPU.ActiveCfg = Release|Any CPU
		{C8453583-DC92-44B8-817D-38B868440495}.Release|Any CPU.Build.0 = Release|Any CPU
		{572235FB-7EE1-43C5-BDA9-42F166F8B711}.Debug|Any CPU.ActiveCfg = Debug|Any CPU
		{572235FB-7EE1-43C5-BDA9-42F166F8B711}.Debug|Any CPU.Build.0 = Debug|Any CPU
		{572235FB-7EE1-43C5-BDA9-42F166F8B711}.Release|Any CPU.ActiveCfg = Release|Any CPU
		{572235FB-7EE1-43C5-BDA9-42F166F8B711}.Release|Any CPU.Build.0 = Release|Any CPU
		{4608577B-3D76-42B0-9884-E5DA002F7ED0}.Debug|Any CPU.ActiveCfg = Debug|Any CPU
		{4608577B-3D76-42B0-9884-E5DA002F7ED0}.Debug|Any CPU.Build.0 = Debug|Any CPU
		{4608577B-3D76-42B0-9884-E5DA002F7ED0}.Release|Any CPU.ActiveCfg = Release|Any CPU
		{4608577B-3D76-42B0-9884-E5DA002F7ED0}.Release|Any CPU.Build.0 = Release|Any CPU
		{5F1A32B6-DFE9-46EC-84BE-C382467D256E}.Debug|Any CPU.ActiveCfg = Debug|Any CPU
		{5F1A32B6-DFE9-46EC-84BE-C382467D256E}.Debug|Any CPU.Build.0 = Debug|Any CPU
		{5F1A32B6-DFE9-46EC-84BE-C382467D256E}.Release|Any CPU.ActiveCfg = Release|Any CPU
		{5F1A32B6-DFE9-46EC-84BE-C382467D256E}.Release|Any CPU.Build.0 = Release|Any CPU
		{F065FF08-E9AB-4142-9314-4098585D9381}.Debug|Any CPU.ActiveCfg = Debug|Any CPU
		{F065FF08-E9AB-4142-9314-4098585D9381}.Debug|Any CPU.Build.0 = Debug|Any CPU
		{F065FF08-E9AB-4142-9314-4098585D9381}.Release|Any CPU.ActiveCfg = Release|Any CPU
		{F065FF08-E9AB-4142-9314-4098585D9381}.Release|Any CPU.Build.0 = Release|Any CPU
		{021B8DAC-68A3-40EC-8693-255A2204A38C}.Debug|Any CPU.ActiveCfg = Debug|Any CPU
		{021B8DAC-68A3-40EC-8693-255A2204A38C}.Debug|Any CPU.Build.0 = Debug|Any CPU
		{021B8DAC-68A3-40EC-8693-255A2204A38C}.Release|Any CPU.ActiveCfg = Release|Any CPU
		{021B8DAC-68A3-40EC-8693-255A2204A38C}.Release|Any CPU.Build.0 = Release|Any CPU
		{69C8B735-0835-4696-9A26-1638AEAC8F2B}.Debug|Any CPU.ActiveCfg = Debug|Any CPU
		{69C8B735-0835-4696-9A26-1638AEAC8F2B}.Debug|Any CPU.Build.0 = Debug|Any CPU
		{69C8B735-0835-4696-9A26-1638AEAC8F2B}.Release|Any CPU.ActiveCfg = Release|Any CPU
		{69C8B735-0835-4696-9A26-1638AEAC8F2B}.Release|Any CPU.Build.0 = Release|Any CPU
		{D7017CA6-F692-442E-9A64-22A23B369305}.Debug|Any CPU.ActiveCfg = Debug|Any CPU
		{D7017CA6-F692-442E-9A64-22A23B369305}.Debug|Any CPU.Build.0 = Debug|Any CPU
		{D7017CA6-F692-442E-9A64-22A23B369305}.Release|Any CPU.ActiveCfg = Release|Any CPU
		{D7017CA6-F692-442E-9A64-22A23B369305}.Release|Any CPU.Build.0 = Release|Any CPU
		{FB5DD826-A72B-4026-99E4-B7DA3BFDB83E}.Debug|Any CPU.ActiveCfg = Debug|Any CPU
		{FB5DD826-A72B-4026-99E4-B7DA3BFDB83E}.Debug|Any CPU.Build.0 = Debug|Any CPU
		{FB5DD826-A72B-4026-99E4-B7DA3BFDB83E}.Release|Any CPU.ActiveCfg = Release|Any CPU
		{FB5DD826-A72B-4026-99E4-B7DA3BFDB83E}.Release|Any CPU.Build.0 = Release|Any CPU
		{EBEA704B-C0AC-4650-B576-5EE4530ADCAD}.Debug|Any CPU.ActiveCfg = Debug|Any CPU
		{EBEA704B-C0AC-4650-B576-5EE4530ADCAD}.Debug|Any CPU.Build.0 = Debug|Any CPU
		{EBEA704B-C0AC-4650-B576-5EE4530ADCAD}.Release|Any CPU.ActiveCfg = Release|Any CPU
		{EBEA704B-C0AC-4650-B576-5EE4530ADCAD}.Release|Any CPU.Build.0 = Release|Any CPU
	EndGlobalSection
	GlobalSection(SolutionProperties) = preSolution
		HideSolutionNode = FALSE
	EndGlobalSection
	GlobalSection(NestedProjects) = preSolution
		{AD6C3147-CED1-48C1-A02B-7E94B31E61BF} = {94F6E318-2B3B-4EF9-8E27-7027DE0F5E06}
		{6ABFD05C-7D2D-479C-9D05-C27275F05895} = {E40C836C-5B52-4D50-82DF-FC126B3CBBEB}
		{B034F8D1-EFFA-43EC-92DC-FD1DBA4386B0} = {E40C836C-5B52-4D50-82DF-FC126B3CBBEB}
		{52DAE338-1420-4660-A20C-54C10943AC04} = {AD6C3147-CED1-48C1-A02B-7E94B31E61BF}
		{C8453583-DC92-44B8-817D-38B868440495} = {AD6C3147-CED1-48C1-A02B-7E94B31E61BF}
		{572235FB-7EE1-43C5-BDA9-42F166F8B711} = {AD6C3147-CED1-48C1-A02B-7E94B31E61BF}
		{6F3223AE-6412-4BB5-8A67-F9E34B418AA4} = {AD6C3147-CED1-48C1-A02B-7E94B31E61BF}
		{4608577B-3D76-42B0-9884-E5DA002F7ED0} = {6F3223AE-6412-4BB5-8A67-F9E34B418AA4}
		{5F1A32B6-DFE9-46EC-84BE-C382467D256E} = {79DF46C7-2AF7-43C7-A448-345E96D0DED4}
		{F065FF08-E9AB-4142-9314-4098585D9381} = {E40C836C-5B52-4D50-82DF-FC126B3CBBEB}
		{021B8DAC-68A3-40EC-8693-255A2204A38C} = {AEAAC08F-2B5D-4FFF-B071-2984FA7E8228}
		{69C8B735-0835-4696-9A26-1638AEAC8F2B} = {E40C836C-5B52-4D50-82DF-FC126B3CBBEB}
		{D7017CA6-F692-442E-9A64-22A23B369305} = {79DF46C7-2AF7-43C7-A448-345E96D0DED4}
		{FB5DD826-A72B-4026-99E4-B7DA3BFDB83E} = {6F3223AE-6412-4BB5-8A67-F9E34B418AA4}
		{EBEA704B-C0AC-4650-B576-5EE4530ADCAD} = {AD6C3147-CED1-48C1-A02B-7E94B31E61BF}
	EndGlobalSection
	GlobalSection(ExtensibilityGlobals) = postSolution
		SolutionGuid = {B1A05776-4D06-4A61-BC09-91BFD03207D7}
	EndGlobalSection
EndGlobal
